
Microsoft Visual Studio Solution File, Format Version 12.00
# Visual Studio Version 16
VisualStudioVersion = 16.0.31515.178
MinimumVisualStudioVersion = 10.0.40219.1
Project("{888888A0-9F3D-457C-B088-3A5042F75D52}") = "Week 4 Lab 2 Country", "Week 4 Lab 2 Country.pyproj", "{D8FFB121-50DE-4C5A-875D-D0157129B5BA}"
EndProject
Global
	GlobalSection(SolutionConfigurationPlatforms) = preSolution
		Debug|Any CPU = Debug|Any CPU
		Release|Any CPU = Release|Any CPU
	EndGlobalSection
	GlobalSection(ProjectConfigurationPlatforms) = postSolution
		{D8FFB121-50DE-4C5A-875D-D0157129B5BA}.Debug|Any CPU.ActiveCfg = Debug|Any CPU
		{D8FFB121-50DE-4C5A-875D-D0157129B5BA}.Release|Any CPU.ActiveCfg = Release|Any CPU
	EndGlobalSection
	GlobalSection(SolutionProperties) = preSolution
		HideSolutionNode = FALSE
	EndGlobalSection
	GlobalSection(ExtensibilityGlobals) = postSolution
		SolutionGuid = {56CF792B-653F-4F0D-94D2-D571F0831DB2}
	EndGlobalSection
EndGlobal
